
Microsoft Visual Studio Solution File, Format Version 11.00
# Visual Studio 2010
Project("{FAE04EC0-301F-11D3-BF4B-00C04F79EFBC}") = "net_platform", "net_platform\net_platform.csproj", "{E6481CF2-061A-472B-A832-3027DED5F893}"
EndProject
Project("{8BC9CEB8-8B4A-11D0-8D11-00A0C91BC942}") = "native", "native\native.vcxproj", "{25F42288-124B-4FA0-9557-372B591E4DEF}"
EndProject
Project("{8BC9CEB8-8B4A-11D0-8D11-00A0C91BC942}") = "qsoft", "qsoft\qsoft.vcxproj", "{E2329691-F602-4355-BF70-74489A0E59C3}"
EndProject
Project("{8BC9CEB8-8B4A-11D0-8D11-00A0C91BC942}") = "qplatform", "qplatform\qplatform.vcxproj", "{6D4A9AD8-76AE-4A72-86A7-308B3BC74CD4}"
EndProject
Global
	GlobalSection(SolutionConfigurationPlatforms) = preSolution
		Debug|Mixed Platforms = Debug|Mixed Platforms
		Debug|Win32 = Debug|Win32
		Debug|x86 = Debug|x86
		Release|Mixed Platforms = Release|Mixed Platforms
		Release|Win32 = Release|Win32
		Release|x86 = Release|x86
	EndGlobalSection
	GlobalSection(ProjectConfigurationPlatforms) = postSolution
		{E6481CF2-061A-472B-A832-3027DED5F893}.Debug|Mixed Platforms.ActiveCfg = Debug|x86
		{E6481CF2-061A-472B-A832-3027DED5F893}.Debug|Mixed Platforms.Build.0 = Debug|x86
		{E6481CF2-061A-472B-A832-3027DED5F893}.Debug|Win32.ActiveCfg = Debug|x86
		{E6481CF2-061A-472B-A832-3027DED5F893}.Debug|x86.ActiveCfg = Debug|x86
		{E6481CF2-061A-472B-A832-3027DED5F893}.Debug|x86.Build.0 = Debug|x86
		{E6481CF2-061A-472B-A832-3027DED5F893}.Release|Mixed Platforms.ActiveCfg = Release|x86
		{E6481CF2-061A-472B-A832-3027DED5F893}.Release|Mixed Platforms.Build.0 = Release|x86
		{E6481CF2-061A-472B-A832-3027DED5F893}.Release|Win32.ActiveCfg = Release|x86
		{E6481CF2-061A-472B-A832-3027DED5F893}.Release|x86.ActiveCfg = Release|x86
		{E6481CF2-061A-472B-A832-3027DED5F893}.Release|x86.Build.0 = Release|x86
		{25F42288-124B-4FA0-9557-372B591E4DEF}.Debug|Mixed Platforms.ActiveCfg = Debug|Win32
		{25F42288-124B-4FA0-9557-372B591E4DEF}.Debug|Mixed Platforms.Build.0 = Debug|Win32
		{25F42288-124B-4FA0-9557-372B591E4DEF}.Debug|Win32.ActiveCfg = Debug|Win32
		{25F42288-124B-4FA0-9557-372B591E4DEF}.Debug|Win32.Build.0 = Debug|Win32
		{25F42288-124B-4FA0-9557-372B591E4DEF}.Debug|x86.ActiveCfg = Debug|Win32
		{25F42288-124B-4FA0-9557-372B591E4DEF}.Release|Mixed Platforms.ActiveCfg = Release|Win32
		{25F42288-124B-4FA0-9557-372B591E4DEF}.Release|Mixed Platforms.Build.0 = Release|Win32
		{25F42288-124B-4FA0-9557-372B591E4DEF}.Release|Win32.ActiveCfg = Release|Win32
		{25F42288-124B-4FA0-9557-372B591E4DEF}.Release|Win32.Build.0 = Release|Win32
		{25F42288-124B-4FA0-9557-372B591E4DEF}.Release|x86.ActiveCfg = Release|Win32
		{E2329691-F602-4355-BF70-74489A0E59C3}.Debug|Mixed Platforms.ActiveCfg = Debug|Win32
		{E2329691-F602-4355-BF70-74489A0E59C3}.Debug|Mixed Platforms.Build.0 = Debug|Win32
		{E2329691-F602-4355-BF70-74489A0E59C3}.Debug|Win32.ActiveCfg = Debug|Win32
		{E2329691-F602-4355-BF70-74489A0E59C3}.Debug|Win32.Build.0 = Debug|Win32
		{E2329691-F602-4355-BF70-74489A0E59C3}.Debug|x86.ActiveCfg = Debug|Win32
		{E2329691-F602-4355-BF70-74489A0E59C3}.Release|Mixed Platforms.ActiveCfg = Release|Win32
		{E2329691-F602-4355-BF70-74489A0E59C3}.Release|Mixed Platforms.Build.0 = Release|Win32
		{E2329691-F602-4355-BF70-74489A0E59C3}.Release|Win32.ActiveCfg = Release|Win32
		{E2329691-F602-4355-BF70-74489A0E59C3}.Release|Win32.Build.0 = Release|Win32
		{E2329691-F602-4355-BF70-74489A0E59C3}.Release|x86.ActiveCfg = Release|Win32
		{6D4A9AD8-76AE-4A72-86A7-308B3BC74CD4}.Debug|Mixed Platforms.ActiveCfg = Debug|Win32
		{6D4A9AD8-76AE-4A72-86A7-308B3BC74CD4}.Debug|Mixed Platforms.Build.0 = Debug|Win32
		{6D4A9AD8-76AE-4A72-86A7-308B3BC74CD4}.Debug|Win32.ActiveCfg = Debug|Win32
		{6D4A9AD8-76AE-4A72-86A7-308B3BC74CD4}.Debug|Win32.Build.0 = Debug|Win32
		{6D4A9AD8-76AE-4A72-86A7-308B3BC74CD4}.Debug|x86.ActiveCfg = Debug|Win32
		{6D4A9AD8-76AE-4A72-86A7-308B3BC74CD4}.Release|Mixed Platforms.ActiveCfg = Release|Win32
		{6D4A9AD8-76AE-4A72-86A7-308B3BC74CD4}.Release|Mixed Platforms.Build.0 = Release|Win32
		{6D4A9AD8-76AE-4A72-86A7-308B3BC74CD4}.Release|Win32.ActiveCfg = Release|Win32
		{6D4A9AD8-76AE-4A72-86A7-308B3BC74CD4}.Release|Win32.Build.0 = Release|Win32
		{6D4A9AD8-76AE-4A72-86A7-308B3BC74CD4}.Release|x86.ActiveCfg = Release|Win32
	EndGlobalSection
	GlobalSection(SolutionProperties) = preSolution
		HideSolutionNode = FALSE
	EndGlobalSection
EndGlobal
