<?xml version="1.0" encoding="utf-8"?>
<Project ToolsVersion="4.0" xmlns="http://schemas.microsoft.com/developer/msbuild/2003">
  <ItemGroup>
    <Filter Include="Source Files">
      <UniqueIdentifier>{4FC737F1-C7A5-4376-A066-2A32D752A2FF}</UniqueIdentifier>
      <Extensions>cpp;c;cc;cxx;def;odl;idl;hpj;bat;asm;asmx</Extensions>
    </Filter>
    <Filter Include="Header Files">
      <UniqueIdentifier>{93995380-89BD-4b04-88EB-625FBE52EBFB}</UniqueIdentifier>
      <Extensions>h;hpp;hxx;hm;inl;inc;xsd</Extensions>
    </Filter>
    <Filter Include="Resource Files">
      <UniqueIdentifier>{67DA6AB6-F800-4c08-8B7A-83BB121AAD01}</UniqueIdentifier>
      <Extensions>rc;ico;cur;bmp;dlg;rc2;rct;bin;rgs;gif;jpg;jpeg;jpe;resx;tiff;tif;png;wav;mfcribbon-ms</Extensions>
    </Filter>
  </ItemGroup>
  <ItemGroup>
    <ClCompile Include="..\..\qplatform\Audio.cpp">
      <Filter>Source Files</Filter>
    </ClCompile>
    <ClCompile Include="..\..\qplatform\BoxCollider.cpp">
      <Filter>Source Files</Filter>
    </ClCompile>
    <ClCompile Include="..\..\qplatform\Camera.cpp">
      <Filter>Source Files</Filter>
    </ClCompile>
    <ClCompile Include="..\..\qplatform\Component.cpp">
      <Filter>Source Files</Filter>
    </ClCompile>
    <ClCompile Include="..\..\qplatform\Entity.cpp">
      <Filter>Source Files</Filter>
    </ClCompile>
    <ClCompile Include="..\..\qplatform\entry.cpp">
      <Filter>Source Files</Filter>
    </ClCompile>
    <ClCompile Include="..\..\qplatform\Environment.cpp">
      <Filter>Source Files</Filter>
    </ClCompile>
    <ClCompile Include="..\..\qplatform\Gui.cpp">
      <Filter>Source Files</Filter>
    </ClCompile>
    <ClCompile Include="..\..\qplatform\Keyboard.cpp">
      <Filter>Source Files</Filter>
    </ClCompile>
    <ClCompile Include="..\..\qplatform\MaterialGroup.cpp">
      <Filter>Source Files</Filter>
    </ClCompile>
    <ClCompile Include="..\..\qplatform\Model.cpp">
      <Filter>Source Files</Filter>
    </ClCompile>
    <ClCompile Include="..\..\qplatform\ModelRenderer.cpp">
      <Filter>Source Files</Filter>
    </ClCompile>
    <ClCompile Include="..\..\qplatform\Part.cpp">
      <Filter>Source Files</Filter>
    </ClCompile>
    <ClCompile Include="..\..\qplatform\Platform.cpp">
      <Filter>Source Files</Filter>
    </ClCompile>
    <ClCompile Include="..\..\qplatform\Resource.cpp">
      <Filter>Source Files</Filter>
    </ClCompile>
    <ClCompile Include="..\..\qplatform\Resources.cpp">
      <Filter>Source Files</Filter>
    </ClCompile>
    <ClCompile Include="..\..\qplatform\Sound.cpp">
      <Filter>Source Files</Filter>
    </ClCompile>
    <ClCompile Include="..\..\qplatform\SpriteRenderer.cpp">
      <Filter>Source Files</Filter>
    </ClCompile>
    <ClCompile Include="..\..\qplatform\StaticModelCollider.cpp">
      <Filter>Source Files</Filter>
    </ClCompile>
    <ClCompile Include="..\..\qplatform\Texture.cpp">
      <Filter>Source Files</Filter>
    </ClCompile>
    <ClCompile Include="..\..\qplatform\Transform.cpp">
      <Filter>Source Files</Filter>
    </ClCompile>
    <ClCompile Include="..\..\qplatform\tribox.cpp">
      <Filter>Source Files</Filter>
    </ClCompile>
    <ClCompile Include="..\..\qplatform\Window.cpp">
      <Filter>Source Files</Filter>
    </ClCompile>
    <ClCompile Include="..\..\qplatform\World.cpp">
      <Filter>Source Files</Filter>
    </ClCompile>
  </ItemGroup>
  <ItemGroup>
    <ClInclude Include="..\..\qplatform\Audio.h">
      <Filter>Header Files</Filter>
    </ClInclude>
    <ClInclude Include="..\..\qplatform\BoxCollider.h">
      <Filter>Header Files</Filter>
    </ClInclude>
    <ClInclude Include="..\..\qplatform\Camera.h">
      <Filter>Header Files</Filter>
    </ClInclude>
    <ClInclude Include="..\..\qplatform\Component.h">
      <Filter>Header Files</Filter>
    </ClInclude>
    <ClInclude Include="..\..\qplatform\config.h">
      <Filter>Header Files</Filter>
    </ClInclude>
    <ClInclude Include="..\..\qplatform\Entity.h">
      <Filter>Header Files</Filter>
    </ClInclude>
    <ClInclude Include="..\..\qplatform\Environment.h">
      <Filter>Header Files</Filter>
    </ClInclude>
    <ClInclude Include="..\..\qplatform\Exception.h">
      <Filter>Header Files</Filter>
    </ClInclude>
    <ClInclude Include="..\..\qplatform\Gui.h">
      <Filter>Header Files</Filter>
    </ClInclude>
    <ClInclude Include="..\..\qplatform\Keyboard.h">
      <Filter>Header Files</Filter>
    </ClInclude>
    <ClInclude Include="..\..\qplatform\MaterialGroup.h">
      <Filter>Header Files</Filter>
    </ClInclude>
    <ClInclude Include="..\..\qplatform\Model.h">
      <Filter>Header Files</Filter>
    </ClInclude>
    <ClInclude Include="..\..\qplatform\ModelRenderer.h">
      <Filter>Header Files</Filter>
    </ClInclude>
    <ClInclude Include="..\..\qplatform\Part.h">
      <Filter>Header Files</Filter>
    </ClInclude>
    <ClInclude Include="..\..\qplatform\Platform.h">
      <Filter>Header Files</Filter>
    </ClInclude>
    <ClInclude Include="..\..\qplatform\qplatform.h">
      <Filter>Header Files</Filter>
    </ClInclude>
    <ClInclude Include="..\..\qplatform\Resource.h">
      <Filter>Header Files</Filter>
    </ClInclude>
    <ClInclude Include="..\..\qplatform\Resources.h">
      <Filter>Header Files</Filter>
    </ClInclude>
    <ClInclude Include="..\..\qplatform\Sound.h">
      <Filter>Header Files</Filter>
    </ClInclude>
    <ClInclude Include="..\..\qplatform\SpriteRenderer.h">
      <Filter>Header Files</Filter>
    </ClInclude>
    <ClInclude Include="..\..\qplatform\StaticModelCollider.h">
      <Filter>Header Files</Filter>
    </ClInclude>
    <ClInclude Include="..\..\qplatform\Texture.h">
      <Filter>Header Files</Filter>
    </ClInclude>
    <ClInclude Include="..\..\qplatform\Transform.h">
      <Filter>Header Files</Filter>
    </ClInclude>
    <ClInclude Include="..\..\qplatform\Window.h">
      <Filter>Header Files</Filter>
    </ClInclude>
    <ClInclude Include="..\..\qplatform\World.h">
      <Filter>Header Files</Filter>
    </ClInclude>
  </ItemGroup>
</Project>